
Microsoft Visual Studio Solution File, Format Version 12.00
# Visual Studio Version 17
VisualStudioVersion = 17.5.33530.505
MinimumVisualStudioVersion = 10.0.40219.1
Project("{9A19103F-16F7-4668-BE54-9A1E7A4F7556}") = "CoreLib", "CoreLib\CoreLib.csproj", "{4587276D-39E0-46DD-B4B6-CDB064A4D234}"
EndProject
Project("{9A19103F-16F7-4668-BE54-9A1E7A4F7556}") = "Prog", "Prog\Prog.csproj", "{66BA506E-5D4F-4F3A-BAE1-95552D6684CC}"
EndProject
Project("{9A19103F-16F7-4668-BE54-9A1E7A4F7556}") = "TestCoreLib", "TestCoreLib\TestCoreLib.csproj", "{EC96F692-AD57-4E4F-8B11-2E29463F1594}"
EndProject
Project("{2150E333-8FDC-42A3-9474-1A3956D46DE8}") = "Actions", "Actions", "{5224C5A5-7948-4B3F-BB32-BD07A692D092}"
	ProjectSection(SolutionItems) = preProject
		.github\workflows\azure.yml = .github\workflows\azure.yml
		.github\workflows\test.yml = .github\workflows\test.yml
	EndProjectSection
EndProject
Global
	GlobalSection(SolutionConfigurationPlatforms) = preSolution
		Debug|Any CPU = Debug|Any CPU
		Release|Any CPU = Release|Any CPU
	EndGlobalSection
	GlobalSection(ProjectConfigurationPlatforms) = postSolution
		{4587276D-39E0-46DD-B4B6-CDB064A4D234}.Debug|Any CPU.ActiveCfg = Debug|Any CPU
		{4587276D-39E0-46DD-B4B6-CDB064A4D234}.Debug|Any CPU.Build.0 = Debug|Any CPU
		{4587276D-39E0-46DD-B4B6-CDB064A4D234}.Release|Any CPU.ActiveCfg = Release|Any CPU
		{4587276D-39E0-46DD-B4B6-CDB064A4D234}.Release|Any CPU.Build.0 = Release|Any CPU
		{66BA506E-5D4F-4F3A-BAE1-95552D6684CC}.Debug|Any CPU.ActiveCfg = Debug|Any CPU
		{66BA506E-5D4F-4F3A-BAE1-95552D6684CC}.Debug|Any CPU.Build.0 = Debug|Any CPU
		{66BA506E-5D4F-4F3A-BAE1-95552D6684CC}.Release|Any CPU.ActiveCfg = Release|Any CPU
		{66BA506E-5D4F-4F3A-BAE1-95552D6684CC}.Release|Any CPU.Build.0 = Release|Any CPU
		{EC96F692-AD57-4E4F-8B11-2E29463F1594}.Debug|Any CPU.ActiveCfg = Debug|Any CPU
		{EC96F692-AD57-4E4F-8B11-2E29463F1594}.Debug|Any CPU.Build.0 = Debug|Any CPU
		{EC96F692-AD57-4E4F-8B11-2E29463F1594}.Release|Any CPU.ActiveCfg = Release|Any CPU
		{EC96F692-AD57-4E4F-8B11-2E29463F1594}.Release|Any CPU.Build.0 = Release|Any CPU
	EndGlobalSection
	GlobalSection(SolutionProperties) = preSolution
		HideSolutionNode = FALSE
	EndGlobalSection
	GlobalSection(ExtensibilityGlobals) = postSolution
		SolutionGuid = {AF793460-6937-4AA8-9AF4-ABB51D459C84}
	EndGlobalSection
EndGlobal
